{
  "name": "ftd.ts",
  "version": "1.0.6",
  "lockfileVersion": 2,
  "requires": true,
  "packages": {
    "": {
      "name": "ftd.ts",
      "version": "1.0.6",
      "license": "BSD-3-Clause",
      "dependencies": {
        "ftd.ts": "^1.0.1"
      },
      "devDependencies": {
        "rollup": "^3.25.3",
        "rollup-plugin-dts": "^5.3.0",
        "rollup-plugin-esbuild": "^5.0.0",
        "typescript": "^5.1.3"
      }
    },
    "node_modules/@babel/code-frame": {
      "version": "7.22.5",
      "resolved": "https://registry.npmjs.org/@babel/code-frame/-/code-frame-7.22.5.tgz",
      "integrity": "sha512-Xmwn266vad+6DAqEB2A6V/CcZVp62BbwVmcOJc2RPuwih1kw02TjQvWVWlcKGbBPd+8/0V5DEkOcizRGYsspYQ==",
      "dev": true,
      "optional": true,
      "dependencies": {
        "@babel/highlight": "^7.22.5"
      },
      "engines": {
        "node": ">=6.9.0"
      }
    },
    "node_modules/@babel/helper-validator-identifier": {
      "version": "7.22.5",
      "resolved": "https://registry.npmjs.org/@babel/helper-validator-identifier/-/helper-validator-identifier-7.22.5.tgz",
      "integrity": "sha512-aJXu+6lErq8ltp+JhkJUfk1MTGyuA4v7f3pA+BJ5HLfNC6nAQ0Cpi9uOquUj8Hehg0aUiHzWQbOVJGao6ztBAQ==",
      "dev": true,
      "optional": true,
      "engines": {
        "node": ">=6.9.0"
      }
    },
    "node_modules/@babel/highlight": {
      "version": "7.22.5",
      "resolved": "https://registry.npmjs.org/@babel/highlight/-/highlight-7.22.5.tgz",
      "integrity": "sha512-BSKlD1hgnedS5XRnGOljZawtag7H1yPfQp0tdNJCHoH6AZ+Pcm9VvkrK59/Yy593Ypg0zMxH2BxD1VPYUQ7UIw==",
      "dev": true,
      "optional": true,
      "dependencies": {
        "@babel/helper-validator-identifier": "^7.22.5",
        "chalk": "^2.0.0",
        "js-tokens": "^4.0.0"
      },
      "engines": {
        "node": ">=6.9.0"
      }
    },
    "node_modules/@esbuild/android-arm": {
      "version": "0.18.10",
      "resolved": "https://registry.npmjs.org/@esbuild/android-arm/-/android-arm-0.18.10.tgz",
      "integrity": "sha512-3KClmVNd+Fku82uZJz5C4Rx8m1PPmWUFz5Zkw8jkpZPOmsq+EG1TTOtw1OXkHuX3WczOFQigrtf60B1ijKwNsg==",
      "cpu": [
        "arm"
      ],
      "dev": true,
      "optional": true,
      "os": [
        "android"
      ],
      "peer": true,
      "engines": {
        "node": ">=12"
      }
    },
    "node_modules/@esbuild/android-arm64": {
      "version": "0.18.10",
      "resolved": "https://registry.npmjs.org/@esbuild/android-arm64/-/android-arm64-0.18.10.tgz",
      "integrity": "sha512-ynm4naLbNbK0ajf9LUWtQB+6Vfg1Z/AplArqr4tGebC00Z6m9Y91OVIcjDa461wGcZwcaHYaZAab4yJxfhisTQ==",
      "cpu": [
        "arm64"
      ],
      "dev": true,
      "optional": true,
      "os": [
        "android"
      ],
      "peer": true,
      "engines": {
        "node": ">=12"
      }
    },
    "node_modules/@esbuild/android-x64": {
      "version": "0.18.10",
      "resolved": "https://registry.npmjs.org/@esbuild/android-x64/-/android-x64-0.18.10.tgz",
      "integrity": "sha512-vFfXj8P9Yfjh54yqUDEHKzqzYuEfPyAOl3z7R9hjkwt+NCvbn9VMxX+IILnAfdImRBfYVItgSUsqGKhJFnBwZw==",
      "cpu": [
        "x64"
      ],
      "dev": true,
      "optional": true,
      "os": [
        "android"
      ],
      "peer": true,
      "engines": {
        "node": ">=12"
      }
    },
    "node_modules/@esbuild/darwin-arm64": {
      "version": "0.18.10",
      "resolved": "https://registry.npmjs.org/@esbuild/darwin-arm64/-/darwin-arm64-0.18.10.tgz",
      "integrity": "sha512-k2OJQ7ZxE6sVc91+MQeZH9gFeDAH2uIYALPAwTjTCvcPy9Dzrf7V7gFUQPYkn09zloWhQ+nvxWHia2x2ZLR0sQ==",
      "cpu": [
        "arm64"
      ],
      "dev": true,
      "optional": true,
      "os": [
        "darwin"
      ],
      "peer": true,
      "engines": {
        "node": ">=12"
      }
    },
    "node_modules/@esbuild/darwin-x64": {
      "version": "0.18.10",
      "resolved": "https://registry.npmjs.org/@esbuild/darwin-x64/-/darwin-x64-0.18.10.tgz",
      "integrity": "sha512-tnz/mdZk1L1Z3WpGjin/L2bKTe8/AKZpI8fcCLtH+gq8WXWsCNJSxlesAObV4qbtTl6pG5vmqFXfWUQ5hV8PAQ==",
      "cpu": [
        "x64"
      ],
      "dev": true,
      "optional": true,
      "os": [
        "darwin"
      ],
      "peer": true,
      "engines": {
        "node": ">=12"
      }
    },
    "node_modules/@esbuild/freebsd-arm64": {
      "version": "0.18.10",
      "resolved": "https://registry.npmjs.org/@esbuild/freebsd-arm64/-/freebsd-arm64-0.18.10.tgz",
      "integrity": "sha512-QJluV0LwBrbHnYYwSKC+K8RGz0g/EyhpQH1IxdoFT0nM7PfgjE+aS8wxq/KFEsU0JkL7U/EEKd3O8xVBxXb2aA==",
      "cpu": [
        "arm64"
      ],
      "dev": true,
      "optional": true,
      "os": [
        "freebsd"
      ],
      "peer": true,
      "engines": {
        "node": ">=12"
      }
    },
    "node_modules/@esbuild/freebsd-x64": {
      "version": "0.18.10",
      "resolved": "https://registry.npmjs.org/@esbuild/freebsd-x64/-/freebsd-x64-0.18.10.tgz",
      "integrity": "sha512-Hi/ycUkS6KTw+U9G5PK5NoK7CZboicaKUSVs0FSiPNtuCTzK6HNM4DIgniH7hFaeuszDS9T4dhAHWiLSt/Y5Ng==",
      "cpu": [
        "x64"
      ],
      "dev": true,
      "optional": true,
      "os": [
        "freebsd"
      ],
      "peer": true,
      "engines": {
        "node": ">=12"
      }
    },
    "node_modules/@esbuild/linux-arm": {
      "version": "0.18.10",
      "resolved": "https://registry.npmjs.org/@esbuild/linux-arm/-/linux-arm-0.18.10.tgz",
      "integrity": "sha512-HfFoxY172tVHPIvJy+FHxzB4l8xU7e5cxmNS11cQ2jt4JWAukn/7LXaPdZid41UyTweqa4P/1zs201gRGCTwHw==",
      "cpu": [
        "arm"
      ],
      "dev": true,
      "optional": true,
      "os": [
        "linux"
      ],
      "peer": true,
      "engines": {
        "node": ">=12"
      }
    },
    "node_modules/@esbuild/linux-arm64": {
      "version": "0.18.10",
      "resolved": "https://registry.npmjs.org/@esbuild/linux-arm64/-/linux-arm64-0.18.10.tgz",
      "integrity": "sha512-Nz6XcfRBOO7jSrVpKAyEyFOPGhySPNlgumSDhWAspdQQ11ub/7/NZDMhWDFReE9QH/SsCOCLQbdj0atAk/HMOQ==",
      "cpu": [
        "arm64"
      ],
      "dev": true,
      "optional": true,
      "os": [
        "linux"
      ],
      "peer": true,
      "engines": {
        "node": ">=12"
      }
    },
    "node_modules/@esbuild/linux-ia32": {
      "version": "0.18.10",
      "resolved": "https://registry.npmjs.org/@esbuild/linux-ia32/-/linux-ia32-0.18.10.tgz",
      "integrity": "sha512-otMdmSmkMe+pmiP/bZBjfphyAsTsngyT9RCYwoFzqrveAbux9nYitDTpdgToG0Z0U55+PnH654gCH2GQ1aB6Yw==",
      "cpu": [
        "ia32"
      ],
      "dev": true,
      "optional": true,
      "os": [
        "linux"
      ],
      "peer": true,
      "engines": {
        "node": ">=12"
      }
    },
    "node_modules/@esbuild/linux-loong64": {
      "version": "0.18.10",
      "resolved": "https://registry.npmjs.org/@esbuild/linux-loong64/-/linux-loong64-0.18.10.tgz",
      "integrity": "sha512-t8tjFuON1koxskzQ4VFoh0T5UDUMiLYjwf9Wktd0tx8AoK6xgU+5ubKOpWpcnhEQ2tESS5u0v6QuN8PX/ftwcQ==",
      "cpu": [
        "loong64"
      ],
      "dev": true,
      "optional": true,
      "os": [
        "linux"
      ],
      "peer": true,
      "engines": {
        "node": ">=12"
      }
    },
    "node_modules/@esbuild/linux-mips64el": {
      "version": "0.18.10",
      "resolved": "https://registry.npmjs.org/@esbuild/linux-mips64el/-/linux-mips64el-0.18.10.tgz",
      "integrity": "sha512-+dUkcVzcfEJHz3HEnVpIJu8z8Wdn2n/nWMWdl6FVPFGJAVySO4g3+XPzNKFytVFwf8hPVDwYXzVcu8GMFqsqZw==",
      "cpu": [
        "mips64el"
      ],
      "dev": true,
      "optional": true,
      "os": [
        "linux"
      ],
      "peer": true,
      "engines": {
        "node": ">=12"
      }
    },
    "node_modules/@esbuild/linux-ppc64": {
      "version": "0.18.10",
      "resolved": "https://registry.npmjs.org/@esbuild/linux-ppc64/-/linux-ppc64-0.18.10.tgz",
      "integrity": "sha512-sO3PjjxEGy+PY2qkGe2gwJbXdZN9wAYpVBZWFD0AwAoKuXRkWK0/zaMQ5ekUFJDRDCRm8x5U0Axaub7ynH/wVg==",
      "cpu": [
        "ppc64"
      ],
      "dev": true,
      "optional": true,
      "os": [
        "linux"
      ],
      "peer": true,
      "engines": {
        "node": ">=12"
      }
    },
    "node_modules/@esbuild/linux-riscv64": {
      "version": "0.18.10",
      "resolved": "https://registry.npmjs.org/@esbuild/linux-riscv64/-/linux-riscv64-0.18.10.tgz",
      "integrity": "sha512-JDtdbJg3yjDeXLv4lZYE1kiTnxv73/8cbPHY9T/dUKi8rYOM/k5b3W4UJLMUksuQ6nTm5c89W1nADsql6FW75A==",
      "cpu": [
        "riscv64"
      ],
      "dev": true,
      "optional": true,
      "os": [
        "linux"
      ],
      "peer": true,
      "engines": {
        "node": ">=12"
      }
    },
    "node_modules/@esbuild/linux-s390x": {
      "version": "0.18.10",
      "resolved": "https://registry.npmjs.org/@esbuild/linux-s390x/-/linux-s390x-0.18.10.tgz",
      "integrity": "sha512-NLuSKcp8WckjD2a7z5kzLiCywFwBTMlIxDNuud1AUGVuwBBJSkuubp6cNjJ0p5c6CZaA3QqUGwjHJBiG1SoOFw==",
      "cpu": [
        "s390x"
      ],
      "dev": true,
      "optional": true,
      "os": [
        "linux"
      ],
      "peer": true,
      "engines": {
        "node": ">=12"
      }
    },
    "node_modules/@esbuild/linux-x64": {
      "version": "0.18.10",
      "resolved": "https://registry.npmjs.org/@esbuild/linux-x64/-/linux-x64-0.18.10.tgz",
      "integrity": "sha512-wj2KRsCsFusli+6yFgNO/zmmLslislAWryJnodteRmGej7ZzinIbMdsyp13rVGde88zxJd5vercNYK9kuvlZaQ==",
      "cpu": [
        "x64"
      ],
      "dev": true,
      "optional": true,
      "os": [
        "linux"
      ],
      "peer": true,
      "engines": {
        "node": ">=12"
      }
    },
    "node_modules/@esbuild/netbsd-x64": {
      "version": "0.18.10",
      "resolved": "https://registry.npmjs.org/@esbuild/netbsd-x64/-/netbsd-x64-0.18.10.tgz",
      "integrity": "sha512-pQ9QqxEPI3cVRZyUtCoZxhZK3If+7RzR8L2yz2+TDzdygofIPOJFaAPkEJ5rYIbUO101RaiYxfdOBahYexLk5A==",
      "cpu": [
        "x64"
      ],
      "dev": true,
      "optional": true,
      "os": [
        "netbsd"
      ],
      "peer": true,
      "engines": {
        "node": ">=12"
      }
    },
    "node_modules/@esbuild/openbsd-x64": {
      "version": "0.18.10",
      "resolved": "https://registry.npmjs.org/@esbuild/openbsd-x64/-/openbsd-x64-0.18.10.tgz",
      "integrity": "sha512-k8GTIIW9I8pEEfoOUm32TpPMgSg06JhL5DO+ql66aLTkOQUs0TxCA67Wi7pv6z8iF8STCGcNbm3UWFHLuci+ag==",
      "cpu": [
        "x64"
      ],
      "dev": true,
      "optional": true,
      "os": [
        "openbsd"
      ],
      "peer": true,
      "engines": {
        "node": ">=12"
      }
    },
    "node_modules/@esbuild/sunos-x64": {
      "version": "0.18.10",
      "resolved": "https://registry.npmjs.org/@esbuild/sunos-x64/-/sunos-x64-0.18.10.tgz",
      "integrity": "sha512-vIGYJIdEI6d4JBucAx8py792G8J0GP40qSH+EvSt80A4zvGd6jph+5t1g+eEXcS2aRpgZw6CrssNCFZxTdEsxw==",
      "cpu": [
        "x64"
      ],
      "dev": true,
      "optional": true,
      "os": [
        "sunos"
      ],
      "peer": true,
      "engines": {
        "node": ">=12"
      }
    },
    "node_modules/@esbuild/win32-arm64": {
      "version": "0.18.10",
      "resolved": "https://registry.npmjs.org/@esbuild/win32-arm64/-/win32-arm64-0.18.10.tgz",
      "integrity": "sha512-kRhNcMZFGMW+ZHCarAM1ypr8OZs0k688ViUCetVCef9p3enFxzWeBg9h/575Y0nsFu0ZItluCVF5gMR2pwOEpA==",
      "cpu": [
        "arm64"
      ],
      "dev": true,
      "optional": true,
      "os": [
        "win32"
      ],
      "peer": true,
      "engines": {
        "node": ">=12"
      }
    },
    "node_modules/@esbuild/win32-ia32": {
      "version": "0.18.10",
      "resolved": "https://registry.npmjs.org/@esbuild/win32-ia32/-/win32-ia32-0.18.10.tgz",
      "integrity": "sha512-AR9PX1whYaYh9p0EOaKna0h48F/A101Mt/ag72+kMkkBZXPQ7cjbz2syXI/HI3OlBdUytSdHneljfjvUoqwqiQ==",
      "cpu": [
        "ia32"
      ],
      "dev": true,
      "optional": true,
      "os": [
        "win32"
      ],
      "peer": true,
      "engines": {
        "node": ">=12"
      }
    },
    "node_modules/@esbuild/win32-x64": {
      "version": "0.18.10",
      "resolved": "https://registry.npmjs.org/@esbuild/win32-x64/-/win32-x64-0.18.10.tgz",
      "integrity": "sha512-5sTkYhAGHNRr6bVf4RM0PsscqVr6/DBYdrlMh168oph3usid3lKHcHEEHmr34iZ9GHeeg2juFOxtpl6XyC3tpw==",
      "cpu": [
        "x64"
      ],
      "dev": true,
      "optional": true,
      "os": [
        "win32"
      ],
      "peer": true,
      "engines": {
        "node": ">=12"
      }
    },
    "node_modules/@jridgewell/sourcemap-codec": {
      "version": "1.4.15",
      "resolved": "https://registry.npmjs.org/@jridgewell/sourcemap-codec/-/sourcemap-codec-1.4.15.tgz",
      "integrity": "sha512-eF2rxCRulEKXHTRiDrDy6erMYWqNw4LPdQ8UQA4huuxaQsVeRPFl2oM8oDGxMFhJUWZf9McpLtJasDDZb/Bpeg==",
      "dev": true
    },
    "node_modules/@rollup/pluginutils": {
      "version": "5.0.2",
      "resolved": "https://registry.npmjs.org/@rollup/pluginutils/-/pluginutils-5.0.2.tgz",
      "integrity": "sha512-pTd9rIsP92h+B6wWwFbW8RkZv4hiR/xKsqre4SIuAOaOEQRxi0lqLke9k2/7WegC85GgUs9pjmOjCUi3In4vwA==",
      "dev": true,
      "dependencies": {
        "@types/estree": "^1.0.0",
        "estree-walker": "^2.0.2",
        "picomatch": "^2.3.1"
      },
      "engines": {
        "node": ">=14.0.0"
      },
      "peerDependencies": {
        "rollup": "^1.20.0||^2.0.0||^3.0.0"
      },
      "peerDependenciesMeta": {
        "rollup": {
          "optional": true
        }
      }
    },
    "node_modules/@types/estree": {
      "version": "1.0.1",
      "resolved": "https://registry.npmjs.org/@types/estree/-/estree-1.0.1.tgz",
      "integrity": "sha512-LG4opVs2ANWZ1TJoKc937iMmNstM/d0ae1vNbnBvBhqCSezgVUOzcLCqbI5elV8Vy6WKwKjaqR+zO9VKirBBCA==",
      "dev": true
    },
    "node_modules/ansi-styles": {
      "version": "3.2.1",
      "resolved": "https://registry.npmjs.org/ansi-styles/-/ansi-styles-3.2.1.tgz",
      "integrity": "sha512-VT0ZI6kZRdTh8YyJw3SMbYm/u+NqfsAxEpWO0Pf9sq8/e94WxxOpPKx9FR1FlyCtOVDNOQ+8ntlqFxiRc+r5qA==",
      "dev": true,
      "optional": true,
      "dependencies": {
        "color-convert": "^1.9.0"
      },
      "engines": {
        "node": ">=4"
      }
    },
    "node_modules/chalk": {
      "version": "2.4.2",
      "resolved": "https://registry.npmjs.org/chalk/-/chalk-2.4.2.tgz",
      "integrity": "sha512-Mti+f9lpJNcwF4tWV8/OrTTtF1gZi+f8FqlyAdouralcFWFQWF2+NgCHShjkCb+IFBLq9buZwE1xckQU4peSuQ==",
      "dev": true,
      "optional": true,
      "dependencies": {
        "ansi-styles": "^3.2.1",
        "escape-string-regexp": "^1.0.5",
        "supports-color": "^5.3.0"
      },
      "engines": {
        "node": ">=4"
      }
    },
    "node_modules/color-convert": {
      "version": "1.9.3",
      "resolved": "https://registry.npmjs.org/color-convert/-/color-convert-1.9.3.tgz",
      "integrity": "sha512-QfAUtd+vFdAtFQcC8CCyYt1fYWxSqAiK2cSD6zDB8N3cpsEBAvRxp9zOGg6G/SHHJYAT88/az/IuDGALsNVbGg==",
      "dev": true,
      "optional": true,
      "dependencies": {
        "color-name": "1.1.3"
      }
    },
    "node_modules/color-name": {
      "version": "1.1.3",
      "resolved": "https://registry.npmjs.org/color-name/-/color-name-1.1.3.tgz",
      "integrity": "sha512-72fSenhMw2HZMTVHeCA9KCmpEIbzWiQsjN+BHcBbS9vr1mtt+vJjPdksIBNUmKAW8TFUDPJK5SUU3QhE9NEXDw==",
      "dev": true,
      "optional": true
    },
    "node_modules/debug": {
      "version": "4.3.4",
      "resolved": "https://registry.npmjs.org/debug/-/debug-4.3.4.tgz",
      "integrity": "sha512-PRWFHuSU3eDtQJPvnNY7Jcket1j0t5OuOsFzPPzsekD52Zl8qUfFIPEiswXqIvHWGVHOgX+7G/vCNNhehwxfkQ==",
      "dev": true,
      "dependencies": {
        "ms": "2.1.2"
      },
      "engines": {
        "node": ">=6.0"
      },
      "peerDependenciesMeta": {
        "supports-color": {
          "optional": true
        }
      }
    },
    "node_modules/es-module-lexer": {
      "version": "1.3.0",
      "resolved": "https://registry.npmjs.org/es-module-lexer/-/es-module-lexer-1.3.0.tgz",
      "integrity": "sha512-vZK7T0N2CBmBOixhmjdqx2gWVbFZ4DXZ/NyRMZVlJXPa7CyFS+/a4QQsDGDQy9ZfEzxFuNEsMLeQJnKP2p5/JA==",
      "dev": true
    },
    "node_modules/esbuild": {
      "version": "0.18.10",
      "resolved": "https://registry.npmjs.org/esbuild/-/esbuild-0.18.10.tgz",
      "integrity": "sha512-33WKo67auOXzZHBY/9DTJRo7kIvfU12S+D4sp2wIz39N88MDIaCGyCwbW01RR70pK6Iya0I74lHEpyLfFqOHPA==",
      "dev": true,
      "hasInstallScript": true,
      "peer": true,
      "bin": {
        "esbuild": "bin/esbuild"
      },
      "engines": {
        "node": ">=12"
      },
      "optionalDependencies": {
        "@esbuild/android-arm": "0.18.10",
        "@esbuild/android-arm64": "0.18.10",
        "@esbuild/android-x64": "0.18.10",
        "@esbuild/darwin-arm64": "0.18.10",
        "@esbuild/darwin-x64": "0.18.10",
        "@esbuild/freebsd-arm64": "0.18.10",
        "@esbuild/freebsd-x64": "0.18.10",
        "@esbuild/linux-arm": "0.18.10",
        "@esbuild/linux-arm64": "0.18.10",
        "@esbuild/linux-ia32": "0.18.10",
        "@esbuild/linux-loong64": "0.18.10",
        "@esbuild/linux-mips64el": "0.18.10",
        "@esbuild/linux-ppc64": "0.18.10",
        "@esbuild/linux-riscv64": "0.18.10",
        "@esbuild/linux-s390x": "0.18.10",
        "@esbuild/linux-x64": "0.18.10",
        "@esbuild/netbsd-x64": "0.18.10",
        "@esbuild/openbsd-x64": "0.18.10",
        "@esbuild/sunos-x64": "0.18.10",
        "@esbuild/win32-arm64": "0.18.10",
        "@esbuild/win32-ia32": "0.18.10",
        "@esbuild/win32-x64": "0.18.10"
      }
    },
    "node_modules/escape-string-regexp": {
      "version": "1.0.5",
      "resolved": "https://registry.npmjs.org/escape-string-regexp/-/escape-string-regexp-1.0.5.tgz",
      "integrity": "sha512-vbRorB5FUQWvla16U8R/qgaFIya2qGzwDrNmCZuYKrbdSUMG6I1ZCGQRefkRVhuOkIGVne7BQ35DSfo1qvJqFg==",
      "dev": true,
      "optional": true,
      "engines": {
        "node": ">=0.8.0"
      }
    },
    "node_modules/estree-walker": {
      "version": "2.0.2",
      "resolved": "https://registry.npmjs.org/estree-walker/-/estree-walker-2.0.2.tgz",
      "integrity": "sha512-Rfkk/Mp/DL7JVje3u18FxFujQlTNR2q6QfMSMB7AvCBx91NGj/ba3kCfza0f6dVDbw7YlRf/nDrn7pQrCCyQ/w==",
      "dev": true
    },
    "node_modules/fsevents": {
      "version": "2.3.2",
      "resolved": "https://registry.npmjs.org/fsevents/-/fsevents-2.3.2.tgz",
      "integrity": "sha512-xiqMQR4xAeHTuB9uWm+fFRcIOgKBMiOBP+eXiyT7jsgVCq1bkVygt00oASowB7EdtpOHaaPgKt812P9ab+DDKA==",
      "dev": true,
      "hasInstallScript": true,
      "optional": true,
      "os": [
        "darwin"
      ],
      "engines": {
        "node": "^8.16.0 || ^10.6.0 || >=11.0.0"
      }
    },
    "node_modules/ftd.ts": {
      "version": "1.0.1",
      "resolved": "https://registry.npmjs.org/ftd.ts/-/ftd.ts-1.0.1.tgz",
      "integrity": "sha512-lr2Bdf6aJjNOnXflCd+4OWfnhHDlhqZ15CwwX0h8QnNFwPA4l5/vVpLCnOZ0EcReHHAPHl3gFdxlIIMSJAprvw=="
    },
    "node_modules/has-flag": {
      "version": "3.0.0",
      "resolved": "https://registry.npmjs.org/has-flag/-/has-flag-3.0.0.tgz",
      "integrity": "sha512-sKJf1+ceQBr4SMkvQnBDNDtf4TXpVhVGateu0t918bl30FnbE2m4vNLX+VWe/dpjlb+HugGYzW7uQXH98HPEYw==",
      "dev": true,
      "optional": true,
      "engines": {
        "node": ">=4"
      }
    },
    "node_modules/joycon": {
      "version": "3.1.1",
      "resolved": "https://registry.npmjs.org/joycon/-/joycon-3.1.1.tgz",
      "integrity": "sha512-34wB/Y7MW7bzjKRjUKTa46I2Z7eV62Rkhva+KkopW7Qvv/OSWBqvkSY7vusOPrNuZcUG3tApvdVgNB8POj3SPw==",
      "dev": true,
      "engines": {
        "node": ">=10"
      }
    },
    "node_modules/js-tokens": {
      "version": "4.0.0",
      "resolved": "https://registry.npmjs.org/js-tokens/-/js-tokens-4.0.0.tgz",
      "integrity": "sha512-RdJUflcE3cUzKiMqQgsCu06FPu9UdIJO0beYbPhHN4k6apgJtifcoCtT9bcxOpYBtpD2kCM6Sbzg4CausW/PKQ==",
      "dev": true,
      "optional": true
    },
    "node_modules/jsonc-parser": {
      "version": "3.2.0",
      "resolved": "https://registry.npmjs.org/jsonc-parser/-/jsonc-parser-3.2.0.tgz",
      "integrity": "sha512-gfFQZrcTc8CnKXp6Y4/CBT3fTc0OVuDofpre4aEeEpSBPV5X5v4+Vmx+8snU7RLPrNHPKSgLxGo9YuQzz20o+w==",
      "dev": true
    },
    "node_modules/magic-string": {
      "version": "0.30.0",
      "resolved": "https://registry.npmjs.org/magic-string/-/magic-string-0.30.0.tgz",
      "integrity": "sha512-LA+31JYDJLs82r2ScLrlz1GjSgu66ZV518eyWT+S8VhyQn/JL0u9MeBOvQMGYiPk1DBiSN9DDMOcXvigJZaViQ==",
      "dev": true,
      "dependencies": {
        "@jridgewell/sourcemap-codec": "^1.4.13"
      },
      "engines": {
        "node": ">=12"
      }
    },
    "node_modules/ms": {
      "version": "2.1.2",
      "resolved": "https://registry.npmjs.org/ms/-/ms-2.1.2.tgz",
      "integrity": "sha512-sGkPx+VjMtmA6MX27oA4FBFELFCZZ4S4XqeGOXCv68tT+jb3vk/RyaKWP0PTKyWtmLSM0b+adUTEvbs1PEaH2w==",
      "dev": true
    },
    "node_modules/picomatch": {
      "version": "2.3.1",
      "resolved": "https://registry.npmjs.org/picomatch/-/picomatch-2.3.1.tgz",
      "integrity": "sha512-JU3teHTNjmE2VCGFzuY8EXzCDVwEqB2a8fsIvwaStHhAWJEeVd1o1QD80CU6+ZdEXXSLbSsuLwJjkCBWqRQUVA==",
      "dev": true,
      "engines": {
        "node": ">=8.6"
      },
      "funding": {
        "url": "https://github.com/sponsors/jonschlinkert"
      }
    },
    "node_modules/rollup": {
      "version": "3.25.3",
      "resolved": "https://registry.npmjs.org/rollup/-/rollup-3.25.3.tgz",
      "integrity": "sha512-ZT279hx8gszBj9uy5FfhoG4bZx8c+0A1sbqtr7Q3KNWIizpTdDEPZbV2xcbvHsnFp4MavCQYZyzApJ+virB8Yw==",
      "dev": true,
      "bin": {
        "rollup": "dist/bin/rollup"
      },
      "engines": {
        "node": ">=14.18.0",
        "npm": ">=8.0.0"
      },
      "optionalDependencies": {
        "fsevents": "~2.3.2"
      }
    },
    "node_modules/rollup-plugin-dts": {
      "version": "5.3.0",
      "resolved": "https://registry.npmjs.org/rollup-plugin-dts/-/rollup-plugin-dts-5.3.0.tgz",
      "integrity": "sha512-8FXp0ZkyZj1iU5klkIJYLjIq/YZSwBoERu33QBDxm/1yw5UU4txrEtcmMkrq+ZiKu3Q4qvPCNqc3ovX6rjqzbQ==",
      "dev": true,
      "dependencies": {
        "magic-string": "^0.30.0"
      },
      "engines": {
        "node": ">=v14"
      },
      "funding": {
        "url": "https://github.com/sponsors/Swatinem"
      },
      "optionalDependencies": {
        "@babel/code-frame": "^7.18.6"
      },
      "peerDependencies": {
        "rollup": "^3.0.0",
        "typescript": "^4.1 || ^5.0"
      }
    },
    "node_modules/rollup-plugin-esbuild": {
      "version": "5.0.0",
      "resolved": "https://registry.npmjs.org/rollup-plugin-esbuild/-/rollup-plugin-esbuild-5.0.0.tgz",
      "integrity": "sha512-1cRIOHAPh8WQgdQQyyvFdeOdxuiyk+zB5zJ5+YOwrZP4cJ0MT3Fs48pQxrZeyZHcn+klFherytILVfE4aYrneg==",
      "dev": true,
      "dependencies": {
        "@rollup/pluginutils": "^5.0.1",
        "debug": "^4.3.4",
        "es-module-lexer": "^1.0.5",
        "joycon": "^3.1.1",
        "jsonc-parser": "^3.2.0"
      },
      "engines": {
        "node": ">=14.18.0",
        "npm": ">=8.0.0"
      },
      "peerDependencies": {
        "esbuild": ">=0.10.1",
        "rollup": "^1.20.0 || ^2.0.0 || ^3.0.0"
      }
    },
    "node_modules/supports-color": {
      "version": "5.5.0",
      "resolved": "https://registry.npmjs.org/supports-color/-/supports-color-5.5.0.tgz",
      "integrity": "sha512-QjVjwdXIt408MIiAqCX4oUKsgU2EqAGzs2Ppkm4aQYbjm+ZEWEcW4SfFNTr4uMNZma0ey4f5lgLrkB0aX0QMow==",
      "dev": true,
      "optional": true,
      "dependencies": {
        "has-flag": "^3.0.0"
      },
      "engines": {
        "node": ">=4"
      }
    },
    "node_modules/typescript": {
      "version": "5.1.3",
      "resolved": "https://registry.npmjs.org/typescript/-/typescript-5.1.3.tgz",
      "integrity": "sha512-XH627E9vkeqhlZFQuL+UsyAXEnibT0kWR2FWONlr4sTjvxyJYnyefgrkyECLzM5NenmKzRAy2rR/OlYLA1HkZw==",
      "dev": true,
      "bin": {
        "tsc": "bin/tsc",
        "tsserver": "bin/tsserver"
      },
      "engines": {
        "node": ">=14.17"
      }
    }
  },
  "dependencies": {
    "@babel/code-frame": {
      "version": "7.22.5",
      "resolved": "https://registry.npmjs.org/@babel/code-frame/-/code-frame-7.22.5.tgz",
      "integrity": "sha512-Xmwn266vad+6DAqEB2A6V/CcZVp62BbwVmcOJc2RPuwih1kw02TjQvWVWlcKGbBPd+8/0V5DEkOcizRGYsspYQ==",
      "dev": true,
      "optional": true,
      "requires": {
        "@babel/highlight": "^7.22.5"
      }
    },
    "@babel/helper-validator-identifier": {
      "version": "7.22.5",
      "resolved": "https://registry.npmjs.org/@babel/helper-validator-identifier/-/helper-validator-identifier-7.22.5.tgz",
      "integrity": "sha512-aJXu+6lErq8ltp+JhkJUfk1MTGyuA4v7f3pA+BJ5HLfNC6nAQ0Cpi9uOquUj8Hehg0aUiHzWQbOVJGao6ztBAQ==",
      "dev": true,
      "optional": true
    },
    "@babel/highlight": {
      "version": "7.22.5",
      "resolved": "https://registry.npmjs.org/@babel/highlight/-/highlight-7.22.5.tgz",
      "integrity": "sha512-BSKlD1hgnedS5XRnGOljZawtag7H1yPfQp0tdNJCHoH6AZ+Pcm9VvkrK59/Yy593Ypg0zMxH2BxD1VPYUQ7UIw==",
      "dev": true,
      "optional": true,
      "requires": {
        "@babel/helper-validator-identifier": "^7.22.5",
        "chalk": "^2.0.0",
        "js-tokens": "^4.0.0"
      }
    },
    "@esbuild/android-arm": {
      "version": "0.18.10",
      "resolved": "https://registry.npmjs.org/@esbuild/android-arm/-/android-arm-0.18.10.tgz",
      "integrity": "sha512-3KClmVNd+Fku82uZJz5C4Rx8m1PPmWUFz5Zkw8jkpZPOmsq+EG1TTOtw1OXkHuX3WczOFQigrtf60B1ijKwNsg==",
      "dev": true,
      "optional": true,
      "peer": true
    },
    "@esbuild/android-arm64": {
      "version": "0.18.10",
      "resolved": "https://registry.npmjs.org/@esbuild/android-arm64/-/android-arm64-0.18.10.tgz",
      "integrity": "sha512-ynm4naLbNbK0ajf9LUWtQB+6Vfg1Z/AplArqr4tGebC00Z6m9Y91OVIcjDa461wGcZwcaHYaZAab4yJxfhisTQ==",
      "dev": true,
      "optional": true,
      "peer": true
    },
    "@esbuild/android-x64": {
      "version": "0.18.10",
      "resolved": "https://registry.npmjs.org/@esbuild/android-x64/-/android-x64-0.18.10.tgz",
      "integrity": "sha512-vFfXj8P9Yfjh54yqUDEHKzqzYuEfPyAOl3z7R9hjkwt+NCvbn9VMxX+IILnAfdImRBfYVItgSUsqGKhJFnBwZw==",
      "dev": true,
      "optional": true,
      "peer": true
    },
    "@esbuild/darwin-arm64": {
      "version": "0.18.10",
      "resolved": "https://registry.npmjs.org/@esbuild/darwin-arm64/-/darwin-arm64-0.18.10.tgz",
      "integrity": "sha512-k2OJQ7ZxE6sVc91+MQeZH9gFeDAH2uIYALPAwTjTCvcPy9Dzrf7V7gFUQPYkn09zloWhQ+nvxWHia2x2ZLR0sQ==",
      "dev": true,
      "optional": true,
      "peer": true
    },
    "@esbuild/darwin-x64": {
      "version": "0.18.10",
      "resolved": "https://registry.npmjs.org/@esbuild/darwin-x64/-/darwin-x64-0.18.10.tgz",
      "integrity": "sha512-tnz/mdZk1L1Z3WpGjin/L2bKTe8/AKZpI8fcCLtH+gq8WXWsCNJSxlesAObV4qbtTl6pG5vmqFXfWUQ5hV8PAQ==",
      "dev": true,
      "optional": true,
      "peer": true
    },
    "@esbuild/freebsd-arm64": {
      "version": "0.18.10",
      "resolved": "https://registry.npmjs.org/@esbuild/freebsd-arm64/-/freebsd-arm64-0.18.10.tgz",
      "integrity": "sha512-QJluV0LwBrbHnYYwSKC+K8RGz0g/EyhpQH1IxdoFT0nM7PfgjE+aS8wxq/KFEsU0JkL7U/EEKd3O8xVBxXb2aA==",
      "dev": true,
      "optional": true,
      "peer": true
    },
    "@esbuild/freebsd-x64": {
      "version": "0.18.10",
      "resolved": "https://registry.npmjs.org/@esbuild/freebsd-x64/-/freebsd-x64-0.18.10.tgz",
      "integrity": "sha512-Hi/ycUkS6KTw+U9G5PK5NoK7CZboicaKUSVs0FSiPNtuCTzK6HNM4DIgniH7hFaeuszDS9T4dhAHWiLSt/Y5Ng==",
      "dev": true,
      "optional": true,
      "peer": true
    },
    "@esbuild/linux-arm": {
      "version": "0.18.10",
      "resolved": "https://registry.npmjs.org/@esbuild/linux-arm/-/linux-arm-0.18.10.tgz",
      "integrity": "sha512-HfFoxY172tVHPIvJy+FHxzB4l8xU7e5cxmNS11cQ2jt4JWAukn/7LXaPdZid41UyTweqa4P/1zs201gRGCTwHw==",
      "dev": true,
      "optional": true,
      "peer": true
    },
    "@esbuild/linux-arm64": {
      "version": "0.18.10",
      "resolved": "https://registry.npmjs.org/@esbuild/linux-arm64/-/linux-arm64-0.18.10.tgz",
      "integrity": "sha512-Nz6XcfRBOO7jSrVpKAyEyFOPGhySPNlgumSDhWAspdQQ11ub/7/NZDMhWDFReE9QH/SsCOCLQbdj0atAk/HMOQ==",
      "dev": true,
      "optional": true,
      "peer": true
    },
    "@esbuild/linux-ia32": {
      "version": "0.18.10",
      "resolved": "https://registry.npmjs.org/@esbuild/linux-ia32/-/linux-ia32-0.18.10.tgz",
      "integrity": "sha512-otMdmSmkMe+pmiP/bZBjfphyAsTsngyT9RCYwoFzqrveAbux9nYitDTpdgToG0Z0U55+PnH654gCH2GQ1aB6Yw==",
      "dev": true,
      "optional": true,
      "peer": true
    },
    "@esbuild/linux-loong64": {
      "version": "0.18.10",
      "resolved": "https://registry.npmjs.org/@esbuild/linux-loong64/-/linux-loong64-0.18.10.tgz",
      "integrity": "sha512-t8tjFuON1koxskzQ4VFoh0T5UDUMiLYjwf9Wktd0tx8AoK6xgU+5ubKOpWpcnhEQ2tESS5u0v6QuN8PX/ftwcQ==",
      "dev": true,
      "optional": true,
      "peer": true
    },
    "@esbuild/linux-mips64el": {
      "version": "0.18.10",
      "resolved": "https://registry.npmjs.org/@esbuild/linux-mips64el/-/linux-mips64el-0.18.10.tgz",
      "integrity": "sha512-+dUkcVzcfEJHz3HEnVpIJu8z8Wdn2n/nWMWdl6FVPFGJAVySO4g3+XPzNKFytVFwf8hPVDwYXzVcu8GMFqsqZw==",
      "dev": true,
      "optional": true,
      "peer": true
    },
    "@esbuild/linux-ppc64": {
      "version": "0.18.10",
      "resolved": "https://registry.npmjs.org/@esbuild/linux-ppc64/-/linux-ppc64-0.18.10.tgz",
      "integrity": "sha512-sO3PjjxEGy+PY2qkGe2gwJbXdZN9wAYpVBZWFD0AwAoKuXRkWK0/zaMQ5ekUFJDRDCRm8x5U0Axaub7ynH/wVg==",
      "dev": true,
      "optional": true,
      "peer": true
    },
    "@esbuild/linux-riscv64": {
      "version": "0.18.10",
      "resolved": "https://registry.npmjs.org/@esbuild/linux-riscv64/-/linux-riscv64-0.18.10.tgz",
      "integrity": "sha512-JDtdbJg3yjDeXLv4lZYE1kiTnxv73/8cbPHY9T/dUKi8rYOM/k5b3W4UJLMUksuQ6nTm5c89W1nADsql6FW75A==",
      "dev": true,
      "optional": true,
      "peer": true
    },
    "@esbuild/linux-s390x": {
      "version": "0.18.10",
      "resolved": "https://registry.npmjs.org/@esbuild/linux-s390x/-/linux-s390x-0.18.10.tgz",
      "integrity": "sha512-NLuSKcp8WckjD2a7z5kzLiCywFwBTMlIxDNuud1AUGVuwBBJSkuubp6cNjJ0p5c6CZaA3QqUGwjHJBiG1SoOFw==",
      "dev": true,
      "optional": true,
      "peer": true
    },
    "@esbuild/linux-x64": {
      "version": "0.18.10",
      "resolved": "https://registry.npmjs.org/@esbuild/linux-x64/-/linux-x64-0.18.10.tgz",
      "integrity": "sha512-wj2KRsCsFusli+6yFgNO/zmmLslislAWryJnodteRmGej7ZzinIbMdsyp13rVGde88zxJd5vercNYK9kuvlZaQ==",
      "dev": true,
      "optional": true,
      "peer": true
    },
    "@esbuild/netbsd-x64": {
      "version": "0.18.10",
      "resolved": "https://registry.npmjs.org/@esbuild/netbsd-x64/-/netbsd-x64-0.18.10.tgz",
      "integrity": "sha512-pQ9QqxEPI3cVRZyUtCoZxhZK3If+7RzR8L2yz2+TDzdygofIPOJFaAPkEJ5rYIbUO101RaiYxfdOBahYexLk5A==",
      "dev": true,
      "optional": true,
      "peer": true
    },
    "@esbuild/openbsd-x64": {
      "version": "0.18.10",
      "resolved": "https://registry.npmjs.org/@esbuild/openbsd-x64/-/openbsd-x64-0.18.10.tgz",
      "integrity": "sha512-k8GTIIW9I8pEEfoOUm32TpPMgSg06JhL5DO+ql66aLTkOQUs0TxCA67Wi7pv6z8iF8STCGcNbm3UWFHLuci+ag==",
      "dev": true,
      "optional": true,
      "peer": true
    },
    "@esbuild/sunos-x64": {
      "version": "0.18.10",
      "resolved": "https://registry.npmjs.org/@esbuild/sunos-x64/-/sunos-x64-0.18.10.tgz",
      "integrity": "sha512-vIGYJIdEI6d4JBucAx8py792G8J0GP40qSH+EvSt80A4zvGd6jph+5t1g+eEXcS2aRpgZw6CrssNCFZxTdEsxw==",
      "dev": true,
      "optional": true,
      "peer": true
    },
    "@esbuild/win32-arm64": {
      "version": "0.18.10",
      "resolved": "https://registry.npmjs.org/@esbuild/win32-arm64/-/win32-arm64-0.18.10.tgz",
      "integrity": "sha512-kRhNcMZFGMW+ZHCarAM1ypr8OZs0k688ViUCetVCef9p3enFxzWeBg9h/575Y0nsFu0ZItluCVF5gMR2pwOEpA==",
      "dev": true,
      "optional": true,
      "peer": true
    },
    "@esbuild/win32-ia32": {
      "version": "0.18.10",
      "resolved": "https://registry.npmjs.org/@esbuild/win32-ia32/-/win32-ia32-0.18.10.tgz",
      "integrity": "sha512-AR9PX1whYaYh9p0EOaKna0h48F/A101Mt/ag72+kMkkBZXPQ7cjbz2syXI/HI3OlBdUytSdHneljfjvUoqwqiQ==",
      "dev": true,
      "optional": true,
      "peer": true
    },
    "@esbuild/win32-x64": {
      "version": "0.18.10",
      "resolved": "https://registry.npmjs.org/@esbuild/win32-x64/-/win32-x64-0.18.10.tgz",
      "integrity": "sha512-5sTkYhAGHNRr6bVf4RM0PsscqVr6/DBYdrlMh168oph3usid3lKHcHEEHmr34iZ9GHeeg2juFOxtpl6XyC3tpw==",
      "dev": true,
      "optional": true,
      "peer": true
    },
    "@jridgewell/sourcemap-codec": {
      "version": "1.4.15",
      "resolved": "https://registry.npmjs.org/@jridgewell/sourcemap-codec/-/sourcemap-codec-1.4.15.tgz",
      "integrity": "sha512-eF2rxCRulEKXHTRiDrDy6erMYWqNw4LPdQ8UQA4huuxaQsVeRPFl2oM8oDGxMFhJUWZf9McpLtJasDDZb/Bpeg==",
      "dev": true
    },
    "@rollup/pluginutils": {
      "version": "5.0.2",
      "resolved": "https://registry.npmjs.org/@rollup/pluginutils/-/pluginutils-5.0.2.tgz",
      "integrity": "sha512-pTd9rIsP92h+B6wWwFbW8RkZv4hiR/xKsqre4SIuAOaOEQRxi0lqLke9k2/7WegC85GgUs9pjmOjCUi3In4vwA==",
      "dev": true,
      "requires": {
        "@types/estree": "^1.0.0",
        "estree-walker": "^2.0.2",
        "picomatch": "^2.3.1"
      }
    },
    "@types/estree": {
      "version": "1.0.1",
      "resolved": "https://registry.npmjs.org/@types/estree/-/estree-1.0.1.tgz",
      "integrity": "sha512-LG4opVs2ANWZ1TJoKc937iMmNstM/d0ae1vNbnBvBhqCSezgVUOzcLCqbI5elV8Vy6WKwKjaqR+zO9VKirBBCA==",
      "dev": true
    },
    "ansi-styles": {
      "version": "3.2.1",
      "resolved": "https://registry.npmjs.org/ansi-styles/-/ansi-styles-3.2.1.tgz",
      "integrity": "sha512-VT0ZI6kZRdTh8YyJw3SMbYm/u+NqfsAxEpWO0Pf9sq8/e94WxxOpPKx9FR1FlyCtOVDNOQ+8ntlqFxiRc+r5qA==",
      "dev": true,
      "optional": true,
      "requires": {
        "color-convert": "^1.9.0"
      }
    },
    "chalk": {
      "version": "2.4.2",
      "resolved": "https://registry.npmjs.org/chalk/-/chalk-2.4.2.tgz",
      "integrity": "sha512-Mti+f9lpJNcwF4tWV8/OrTTtF1gZi+f8FqlyAdouralcFWFQWF2+NgCHShjkCb+IFBLq9buZwE1xckQU4peSuQ==",
      "dev": true,
      "optional": true,
      "requires": {
        "ansi-styles": "^3.2.1",
        "escape-string-regexp": "^1.0.5",
        "supports-color": "^5.3.0"
      }
    },
    "color-convert": {
      "version": "1.9.3",
      "resolved": "https://registry.npmjs.org/color-convert/-/color-convert-1.9.3.tgz",
      "integrity": "sha512-QfAUtd+vFdAtFQcC8CCyYt1fYWxSqAiK2cSD6zDB8N3cpsEBAvRxp9zOGg6G/SHHJYAT88/az/IuDGALsNVbGg==",
      "dev": true,
      "optional": true,
      "requires": {
        "color-name": "1.1.3"
      }
    },
    "color-name": {
      "version": "1.1.3",
      "resolved": "https://registry.npmjs.org/color-name/-/color-name-1.1.3.tgz",
      "integrity": "sha512-72fSenhMw2HZMTVHeCA9KCmpEIbzWiQsjN+BHcBbS9vr1mtt+vJjPdksIBNUmKAW8TFUDPJK5SUU3QhE9NEXDw==",
      "dev": true,
      "optional": true
    },
    "debug": {
      "version": "4.3.4",
      "resolved": "https://registry.npmjs.org/debug/-/debug-4.3.4.tgz",
      "integrity": "sha512-PRWFHuSU3eDtQJPvnNY7Jcket1j0t5OuOsFzPPzsekD52Zl8qUfFIPEiswXqIvHWGVHOgX+7G/vCNNhehwxfkQ==",
      "dev": true,
      "requires": {
        "ms": "2.1.2"
      }
    },
    "es-module-lexer": {
      "version": "1.3.0",
      "resolved": "https://registry.npmjs.org/es-module-lexer/-/es-module-lexer-1.3.0.tgz",
      "integrity": "sha512-vZK7T0N2CBmBOixhmjdqx2gWVbFZ4DXZ/NyRMZVlJXPa7CyFS+/a4QQsDGDQy9ZfEzxFuNEsMLeQJnKP2p5/JA==",
      "dev": true
    },
    "esbuild": {
      "version": "0.18.10",
      "resolved": "https://registry.npmjs.org/esbuild/-/esbuild-0.18.10.tgz",
      "integrity": "sha512-33WKo67auOXzZHBY/9DTJRo7kIvfU12S+D4sp2wIz39N88MDIaCGyCwbW01RR70pK6Iya0I74lHEpyLfFqOHPA==",
      "dev": true,
      "peer": true,
      "requires": {
        "@esbuild/android-arm": "0.18.10",
        "@esbuild/android-arm64": "0.18.10",
        "@esbuild/android-x64": "0.18.10",
        "@esbuild/darwin-arm64": "0.18.10",
        "@esbuild/darwin-x64": "0.18.10",
        "@esbuild/freebsd-arm64": "0.18.10",
        "@esbuild/freebsd-x64": "0.18.10",
        "@esbuild/linux-arm": "0.18.10",
        "@esbuild/linux-arm64": "0.18.10",
        "@esbuild/linux-ia32": "0.18.10",
        "@esbuild/linux-loong64": "0.18.10",
        "@esbuild/linux-mips64el": "0.18.10",
        "@esbuild/linux-ppc64": "0.18.10",
        "@esbuild/linux-riscv64": "0.18.10",
        "@esbuild/linux-s390x": "0.18.10",
        "@esbuild/linux-x64": "0.18.10",
        "@esbuild/netbsd-x64": "0.18.10",
        "@esbuild/openbsd-x64": "0.18.10",
        "@esbuild/sunos-x64": "0.18.10",
        "@esbuild/win32-arm64": "0.18.10",
        "@esbuild/win32-ia32": "0.18.10",
        "@esbuild/win32-x64": "0.18.10"
      }
    },
    "escape-string-regexp": {
      "version": "1.0.5",
      "resolved": "https://registry.npmjs.org/escape-string-regexp/-/escape-string-regexp-1.0.5.tgz",
      "integrity": "sha512-vbRorB5FUQWvla16U8R/qgaFIya2qGzwDrNmCZuYKrbdSUMG6I1ZCGQRefkRVhuOkIGVne7BQ35DSfo1qvJqFg==",
      "dev": true,
      "optional": true
    },
    "estree-walker": {
      "version": "2.0.2",
      "resolved": "https://registry.npmjs.org/estree-walker/-/estree-walker-2.0.2.tgz",
      "integrity": "sha512-Rfkk/Mp/DL7JVje3u18FxFujQlTNR2q6QfMSMB7AvCBx91NGj/ba3kCfza0f6dVDbw7YlRf/nDrn7pQrCCyQ/w==",
      "dev": true
    },
    "fsevents": {
      "version": "2.3.2",
      "resolved": "https://registry.npmjs.org/fsevents/-/fsevents-2.3.2.tgz",
      "integrity": "sha512-xiqMQR4xAeHTuB9uWm+fFRcIOgKBMiOBP+eXiyT7jsgVCq1bkVygt00oASowB7EdtpOHaaPgKt812P9ab+DDKA==",
      "dev": true,
      "optional": true
    },
    "ftd.ts": {
      "version": "1.0.1",
      "resolved": "https://registry.npmjs.org/ftd.ts/-/ftd.ts-1.0.1.tgz",
      "integrity": "sha512-lr2Bdf6aJjNOnXflCd+4OWfnhHDlhqZ15CwwX0h8QnNFwPA4l5/vVpLCnOZ0EcReHHAPHl3gFdxlIIMSJAprvw=="
    },
    "has-flag": {
      "version": "3.0.0",
      "resolved": "https://registry.npmjs.org/has-flag/-/has-flag-3.0.0.tgz",
      "integrity": "sha512-sKJf1+ceQBr4SMkvQnBDNDtf4TXpVhVGateu0t918bl30FnbE2m4vNLX+VWe/dpjlb+HugGYzW7uQXH98HPEYw==",
      "dev": true,
      "optional": true
    },
    "joycon": {
      "version": "3.1.1",
      "resolved": "https://registry.npmjs.org/joycon/-/joycon-3.1.1.tgz",
      "integrity": "sha512-34wB/Y7MW7bzjKRjUKTa46I2Z7eV62Rkhva+KkopW7Qvv/OSWBqvkSY7vusOPrNuZcUG3tApvdVgNB8POj3SPw==",
      "dev": true
    },
    "js-tokens": {
      "version": "4.0.0",
      "resolved": "https://registry.npmjs.org/js-tokens/-/js-tokens-4.0.0.tgz",
      "integrity": "sha512-RdJUflcE3cUzKiMqQgsCu06FPu9UdIJO0beYbPhHN4k6apgJtifcoCtT9bcxOpYBtpD2kCM6Sbzg4CausW/PKQ==",
      "dev": true,
      "optional": true
    },
    "jsonc-parser": {
      "version": "3.2.0",
      "resolved": "https://registry.npmjs.org/jsonc-parser/-/jsonc-parser-3.2.0.tgz",
      "integrity": "sha512-gfFQZrcTc8CnKXp6Y4/CBT3fTc0OVuDofpre4aEeEpSBPV5X5v4+Vmx+8snU7RLPrNHPKSgLxGo9YuQzz20o+w==",
      "dev": true
    },
    "magic-string": {
      "version": "0.30.0",
      "resolved": "https://registry.npmjs.org/magic-string/-/magic-string-0.30.0.tgz",
      "integrity": "sha512-LA+31JYDJLs82r2ScLrlz1GjSgu66ZV518eyWT+S8VhyQn/JL0u9MeBOvQMGYiPk1DBiSN9DDMOcXvigJZaViQ==",
      "dev": true,
      "requires": {
        "@jridgewell/sourcemap-codec": "^1.4.13"
      }
    },
    "ms": {
      "version": "2.1.2",
      "resolved": "https://registry.npmjs.org/ms/-/ms-2.1.2.tgz",
      "integrity": "sha512-sGkPx+VjMtmA6MX27oA4FBFELFCZZ4S4XqeGOXCv68tT+jb3vk/RyaKWP0PTKyWtmLSM0b+adUTEvbs1PEaH2w==",
      "dev": true
    },
    "picomatch": {
      "version": "2.3.1",
      "resolved": "https://registry.npmjs.org/picomatch/-/picomatch-2.3.1.tgz",
      "integrity": "sha512-JU3teHTNjmE2VCGFzuY8EXzCDVwEqB2a8fsIvwaStHhAWJEeVd1o1QD80CU6+ZdEXXSLbSsuLwJjkCBWqRQUVA==",
      "dev": true
    },
    "rollup": {
      "version": "3.25.3",
      "resolved": "https://registry.npmjs.org/rollup/-/rollup-3.25.3.tgz",
      "integrity": "sha512-ZT279hx8gszBj9uy5FfhoG4bZx8c+0A1sbqtr7Q3KNWIizpTdDEPZbV2xcbvHsnFp4MavCQYZyzApJ+virB8Yw==",
      "dev": true,
      "requires": {
        "fsevents": "~2.3.2"
      }
    },
    "rollup-plugin-dts": {
      "version": "5.3.0",
      "resolved": "https://registry.npmjs.org/rollup-plugin-dts/-/rollup-plugin-dts-5.3.0.tgz",
      "integrity": "sha512-8FXp0ZkyZj1iU5klkIJYLjIq/YZSwBoERu33QBDxm/1yw5UU4txrEtcmMkrq+ZiKu3Q4qvPCNqc3ovX6rjqzbQ==",
      "dev": true,
      "requires": {
        "@babel/code-frame": "^7.18.6",
        "magic-string": "^0.30.0"
      }
    },
    "rollup-plugin-esbuild": {
      "version": "5.0.0",
      "resolved": "https://registry.npmjs.org/rollup-plugin-esbuild/-/rollup-plugin-esbuild-5.0.0.tgz",
      "integrity": "sha512-1cRIOHAPh8WQgdQQyyvFdeOdxuiyk+zB5zJ5+YOwrZP4cJ0MT3Fs48pQxrZeyZHcn+klFherytILVfE4aYrneg==",
      "dev": true,
      "requires": {
        "@rollup/pluginutils": "^5.0.1",
        "debug": "^4.3.4",
        "es-module-lexer": "^1.0.5",
        "joycon": "^3.1.1",
        "jsonc-parser": "^3.2.0"
      }
    },
    "supports-color": {
      "version": "5.5.0",
      "resolved": "https://registry.npmjs.org/supports-color/-/supports-color-5.5.0.tgz",
      "integrity": "sha512-QjVjwdXIt408MIiAqCX4oUKsgU2EqAGzs2Ppkm4aQYbjm+ZEWEcW4SfFNTr4uMNZma0ey4f5lgLrkB0aX0QMow==",
      "dev": true,
      "optional": true,
      "requires": {
        "has-flag": "^3.0.0"
      }
    },
    "typescript": {
      "version": "5.1.3",
      "resolved": "https://registry.npmjs.org/typescript/-/typescript-5.1.3.tgz",
      "integrity": "sha512-XH627E9vkeqhlZFQuL+UsyAXEnibT0kWR2FWONlr4sTjvxyJYnyefgrkyECLzM5NenmKzRAy2rR/OlYLA1HkZw==",
      "dev": true
    }
  }
}
